// !$*UTF8*$!
{
	archiveVersion = 1;
	classes = {
	};
	objectVersion = 46;
	objects = {

/* Begin PBXBuildFile section */
		BF44DC2C1D797342000B2299 /* main.m in Sources */ = {isa = PBXBuildFile; fileRef = BF44DC2B1D797342000B2299 /* main.m */; };
		BF44DC2F1D797342000B2299 /* AppDelegate.m in Sources */ = {isa = PBXBuildFile; fileRef = BF44DC2E1D797342000B2299 /* AppDelegate.m */; };
		BF44DC351D797342000B2299 /* Main.storyboard in Resources */ = {isa = PBXBuildFile; fileRef = BF44DC331D797342000B2299 /* Main.storyboard */; };
		BF44DC371D797342000B2299 /* Assets.xcassets in Resources */ = {isa = PBXBuildFile; fileRef = BF44DC361D797342000B2299 /* Assets.xcassets */; };
		BF44DC3A1D797342000B2299 /* LaunchScreen.storyboard in Resources */ = {isa = PBXBuildFile; fileRef = BF44DC381D797342000B2299 /* LaunchScreen.storyboard */; };
		BF44DC451D797342000B2299 /* GrayIosDemoTests.m in Sources */ = {isa = PBXBuildFile; fileRef = BF44DC441D797342000B2299 /* GrayIosDemoTests.m */; };
		BF44DC501D797342000B2299 /* GrayIosDemoUITests.m in Sources */ = {isa = PBXBuildFile; fileRef = BF44DC4F1D797342000B2299 /* GrayIosDemoUITests.m */; };
		BF44DC651D7974D8000B2299 /* BeginViewController.m in Sources */ = {isa = PBXBuildFile; fileRef = BF44DC641D7974D8000B2299 /* BeginViewController.m */; };
		BF44DC681D799588000B2299 /* ViewController1.m in Sources */ = {isa = PBXBuildFile; fileRef = BF44DC671D799588000B2299 /* ViewController1.m */; };
		BF44DC6B1D79959E000B2299 /* ViewController2.m in Sources */ = {isa = PBXBuildFile; fileRef = BF44DC6A1D79959E000B2299 /* ViewController2.m */; };
		BF44DC6E1D7995B0000B2299 /* ViewController3.m in Sources */ = {isa = PBXBuildFile; fileRef = BF44DC6D1D7995B0000B2299 /* ViewController3.m */; };
/* End PBXBuildFile section */

/* Begin PBXContainerItemProxy section */
		BF44DC411D797342000B2299 /* PBXContainerItemProxy */ = {
			isa = PBXContainerItemProxy;
			containerPortal = BF44DC1F1D797342000B2299 /* Project object */;
			proxyType = 1;
			remoteGlobalIDString = BF44DC261D797342000B2299;
			remoteInfo = GrayIosDemo;
		};
		BF44DC4C1D797342000B2299 /* PBXContainerItemProxy */ = {
			isa = PBXContainerItemProxy;
			containerPortal = BF44DC1F1D797342000B2299 /* Project object */;
			proxyType = 1;
			remoteGlobalIDString = BF44DC261D797342000B2299;
			remoteInfo = GrayIosDemo;
		};
/* End PBXContainerItemProxy section */

/* Begin PBXFileReference section */
		BF44DC271D797342000B2299 /* GrayIosDemo.app */ = {isa = PBXFileReference; explicitFileType = wrapper.application; includeInIndex = 0; path = GrayIosDemo.app; sourceTree = BUILT_PRODUCTS_DIR; };
		BF44DC2B1D797342000B2299 /* main.m */ = {isa = PBXFileReference; lastKnownFileType = sourcecode.c.objc; path = main.m; sourceTree = "<group>"; };
		BF44DC2D1D797342000B2299 /* AppDelegate.h */ = {isa = PBXFileReference; lastKnownFileType = sourcecode.c.h; path = AppDelegate.h; sourceTree = "<group>"; };
		BF44DC2E1D797342000B2299 /* AppDelegate.m */ = {isa = PBXFileReference; lastKnownFileType = sourcecode.c.objc; path = AppDelegate.m; sourceTree = "<group>"; };
		BF44DC341D797342000B2299 /* Base */ = {isa = PBXFileReference; lastKnownFileType = file.storyboard; name = Base; path = Base.lproj/Main.storyboard; sourceTree = "<group>"; };
		BF44DC361D797342000B2299 /* Assets.xcassets */ = {isa = PBXFileReference; lastKnownFileType = folder.assetcatalog; path = Assets.xcassets; sourceTree = "<group>"; };
		BF44DC391D797342000B2299 /* Base */ = {isa = PBXFileReference; lastKnownFileType = file.storyboard; name = Base; path = Base.lproj/LaunchScreen.storyboard; sourceTree = "<group>"; };
		BF44DC3B1D797342000B2299 /* Info.plist */ = {isa = PBXFileReference; lastKnownFileType = text.plist.xml; path = Info.plist; sourceTree = "<group>"; };
		BF44DC401D797342000B2299 /* GrayIosDemoTests.xctest */ = {isa = PBXFileReference; explicitFileType = wrapper.cfbundle; includeInIndex = 0; path = GrayIosDemoTests.xctest; sourceTree = BUILT_PRODUCTS_DIR; };
		BF44DC441D797342000B2299 /* GrayIosDemoTests.m */ = {isa = PBXFileReference; lastKnownFileType = sourcecode.c.objc; path = GrayIosDemoTests.m; sourceTree = "<group>"; };
		BF44DC461D797342000B2299 /* Info.plist */ = {isa = PBXFileReference; lastKnownFileType = text.plist.xml; path = Info.plist; sourceTree = "<group>"; };
		BF44DC4B1D797342000B2299 /* GrayIosDemoUITests.xctest */ = {isa = PBXFileReference; explicitFileType = wrapper.cfbundle; includeInIndex = 0; path = GrayIosDemoUITests.xctest; sourceTree = BUILT_PRODUCTS_DIR; };
		BF44DC4F1D797342000B2299 /* GrayIosDemoUITests.m */ = {isa = PBXFileReference; lastKnownFileType = sourcecode.c.objc; path = GrayIosDemoUITests.m; sourceTree = "<group>"; };
		BF44DC511D797342000B2299 /* Info.plist */ = {isa = PBXFileReference; lastKnownFileType = text.plist.xml; path = Info.plist; sourceTree = "<group>"; };
		BF44DC631D7974D8000B2299 /* BeginViewController.h */ = {isa = PBXFileReference; fileEncoding = 4; lastKnownFileType = sourcecode.c.h; path = BeginViewController.h; sourceTree = "<group>"; };
		BF44DC641D7974D8000B2299 /* BeginViewController.m */ = {isa = PBXFileReference; fileEncoding = 4; lastKnownFileType = sourcecode.c.objc; path = BeginViewController.m; sourceTree = "<group>"; };
		BF44DC661D799588000B2299 /* ViewController1.h */ = {isa = PBXFileReference; fileEncoding = 4; lastKnownFileType = sourcecode.c.h; path = ViewController1.h; sourceTree = "<group>"; };
		BF44DC671D799588000B2299 /* ViewController1.m */ = {isa = PBXFileReference; fileEncoding = 4; lastKnownFileType = sourcecode.c.objc; path = ViewController1.m; sourceTree = "<group>"; };
		BF44DC691D79959E000B2299 /* ViewController2.h */ = {isa = PBXFileReference; fileEncoding = 4; lastKnownFileType = sourcecode.c.h; path = ViewController2.h; sourceTree = "<group>"; };
		BF44DC6A1D79959E000B2299 /* ViewController2.m */ = {isa = PBXFileReference; fileEncoding = 4; lastKnownFileType = sourcecode.c.objc; path = ViewController2.m; sourceTree = "<group>"; };
		BF44DC6C1D7995B0000B2299 /* ViewController3.h */ = {isa = PBXFileReference; fileEncoding = 4; lastKnownFileType = sourcecode.c.h; path = ViewController3.h; sourceTree = "<group>"; };
		BF44DC6D1D7995B0000B2299 /* ViewController3.m */ = {isa = PBXFileReference; fileEncoding = 4; lastKnownFileType = sourcecode.c.objc; path = ViewController3.m; sourceTree = "<group>"; };
/* End PBXFileReference section */

/* Begin PBXFrameworksBuildPhase section */
		BF44DC241D797342000B2299 /* Frameworks */ = {
			isa = PBXFrameworksBuildPhase;
			buildActionMask = 2147483647;
			files = (
			);
			runOnlyForDeploymentPostprocessing = 0;
		};
		BF44DC3D1D797342000B2299 /* Frameworks */ = {
			isa = PBXFrameworksBuildPhase;
			buildActionMask = 2147483647;
			files = (
			);
			runOnlyForDeploymentPostprocessing = 0;
		};
		BF44DC481D797342000B2299 /* Frameworks */ = {
			isa = PBXFrameworksBuildPhase;
			buildActionMask = 2147483647;
			files = (
			);
			runOnlyForDeploymentPostprocessing = 0;
		};
/* End PBXFrameworksBuildPhase section */

/* Begin PBXGroup section */
		BF44DC1E1D797342000B2299 = {
			isa = PBXGroup;
			children = (
				BF44DC291D797342000B2299 /* GrayIosDemo */,
				BF44DC431D797342000B2299 /* GrayIosDemoTests */,
				BF44DC4E1D797342000B2299 /* GrayIosDemoUITests */,
				BF44DC281D797342000B2299 /* Products */,
			);
			sourceTree = "<group>";
		};
		BF44DC281D797342000B2299 /* Products */ = {
			isa = PBXGroup;
			children = (
				BF44DC271D797342000B2299 /* GrayIosDemo.app */,
				BF44DC401D797342000B2299 /* GrayIosDemoTests.xctest */,
				BF44DC4B1D797342000B2299 /* GrayIosDemoUITests.xctest */,
			);
			name = Products;
			sourceTree = "<group>";
		};
		BF44DC291D797342000B2299 /* GrayIosDemo */ = {
			isa = PBXGroup;
			children = (
				BF44DC2D1D797342000B2299 /* AppDelegate.h */,
				BF44DC2E1D797342000B2299 /* AppDelegate.m */,
				BF44DC631D7974D8000B2299 /* BeginViewController.h */,
				BF44DC641D7974D8000B2299 /* BeginViewController.m */,
				BF44DC661D799588000B2299 /* ViewController1.h */,
				BF44DC671D799588000B2299 /* ViewController1.m */,
				BF44DC691D79959E000B2299 /* ViewController2.h */,
				BF44DC6A1D79959E000B2299 /* ViewController2.m */,
				BF44DC6C1D7995B0000B2299 /* ViewController3.h */,
				BF44DC6D1D7995B0000B2299 /* ViewController3.m */,
				BF44DC331D797342000B2299 /* Main.storyboard */,
				BF44DC361D797342000B2299 /* Assets.xcassets */,
				BF44DC381D797342000B2299 /* LaunchScreen.storyboard */,
				BF44DC3B1D797342000B2299 /* Info.plist */,
				BF44DC2A1D797342000B2299 /* Supporting Files */,
			);
			path = GrayIosDemo;
			sourceTree = "<group>";
		};
		BF44DC2A1D797342000B2299 /* Supporting Files */ = {
			isa = PBXGroup;
			children = (
				BF44DC2B1D797342000B2299 /* main.m */,
			);
			name = "Supporting Files";
			sourceTree = "<group>";
		};
		BF44DC431D797342000B2299 /* GrayIosDemoTests */ = {
			isa = PBXGroup;
			children = (
				BF44DC441D797342000B2299 /* GrayIosDemoTests.m */,
				BF44DC461D797342000B2299 /* Info.plist */,
			);
			path = GrayIosDemoTests;
			sourceTree = "<group>";
		};
		BF44DC4E1D797342000B2299 /* GrayIosDemoUITests */ = {
			isa = PBXGroup;
			children = (
				BF44DC4F1D797342000B2299 /* GrayIosDemoUITests.m */,
				BF44DC511D797342000B2299 /* Info.plist */,
			);
			path = GrayIosDemoUITests;
			sourceTree = "<group>";
		};
/* End PBXGroup section */

/* Begin PBXNativeTarget section */
		BF44DC261D797342000B2299 /* GrayIosDemo */ = {
			isa = PBXNativeTarget;
			buildConfigurationList = BF44DC541D797342000B2299 /* Build configuration list for PBXNativeTarget "GrayIosDemo" */;
			buildPhases = (
				BF44DC231D797342000B2299 /* Sources */,
				BF44DC241D797342000B2299 /* Frameworks */,
				BF44DC251D797342000B2299 /* Resources */,
			);
			buildRules = (
			);
			dependencies = (
			);
			name = GrayIosDemo;
			productName = GrayIosDemo;
			productReference = BF44DC271D797342000B2299 /* GrayIosDemo.app */;
			productType = "com.apple.product-type.application";
		};
		BF44DC3F1D797342000B2299 /* GrayIosDemoTests */ = {
			isa = PBXNativeTarget;
			buildConfigurationList = BF44DC571D797342000B2299 /* Build configuration list for PBXNativeTarget "GrayIosDemoTests" */;
			buildPhases = (
				BF44DC3C1D797342000B2299 /* Sources */,
				BF44DC3D1D797342000B2299 /* Frameworks */,
				BF44DC3E1D797342000B2299 /* Resources */,
			);
			buildRules = (
			);
			dependencies = (
				BF44DC421D797342000B2299 /* PBXTargetDependency */,
			);
			name = GrayIosDemoTests;
			productName = GrayIosDemoTests;
			productReference = BF44DC401D797342000B2299 /* GrayIosDemoTests.xctest */;
			productType = "com.apple.product-type.bundle.unit-test";
		};
		BF44DC4A1D797342000B2299 /* GrayIosDemoUITests */ = {
			isa = PBXNativeTarget;
			buildConfigurationList = BF44DC5A1D797342000B2299 /* Build configuration list for PBXNativeTarget "GrayIosDemoUITests" */;
			buildPhases = (
				BF44DC471D797342000B2299 /* Sources */,
				BF44DC481D797342000B2299 /* Frameworks */,
				BF44DC491D797342000B2299 /* Resources */,
			);
			buildRules = (
			);
			dependencies = (
				BF44DC4D1D797342000B2299 /* PBXTargetDependency */,
			);
			name = GrayIosDemoUITests;
			productName = GrayIosDemoUITests;
			productReference = BF44DC4B1D797342000B2299 /* GrayIosDemoUITests.xctest */;
			productType = "com.apple.product-type.bundle.ui-testing";
		};
/* End PBXNativeTarget section */

/* Begin PBXProject section */
		BF44DC1F1D797342000B2299 /* Project object */ = {
			isa = PBXProject;
			attributes = {
				LastUpgradeCheck = 0730;
				ORGANIZATIONNAME = shadow;
				TargetAttributes = {
					BF44DC261D797342000B2299 = {
						CreatedOnToolsVersion = 7.3.1;
					};
					BF44DC3F1D797342000B2299 = {
						CreatedOnToolsVersion = 7.3.1;
						TestTargetID = BF44DC261D797342000B2299;
					};
					BF44DC4A1D797342000B2299 = {
						CreatedOnToolsVersion = 7.3.1;
						TestTargetID = BF44DC261D797342000B2299;
					};
				};
			};
			buildConfigurationList = BF44DC221D797342000B2299 /* Build configuration list for PBXProject "GrayIosDemo" */;
			compatibilityVersion = "Xcode 3.2";
			developmentRegion = English;
			hasScannedForEncodings = 0;
			knownRegions = (
				en,
				Base,
			);
			mainGroup = BF44DC1E1D797342000B2299;
			productRefGroup = BF44DC281D797342000B2299 /* Products */;
			projectDirPath = "";
			projectRoot = "";
			targets = (
				BF44DC261D797342000B2299 /* GrayIosDemo */,
				BF44DC3F1D797342000B2299 /* GrayIosDemoTests */,
				BF44DC4A1D797342000B2299 /* GrayIosDemoUITests */,
			);
		};
/* End PBXProject section */

/* Begin PBXResourcesBuildPhase section */
		BF44DC251D797342000B2299 /* Resources */ = {
			isa = PBXResourcesBuildPhase;
			buildActionMask = 2147483647;
			files = (
				BF44DC3A1D797342000B2299 /* LaunchScreen.storyboard in Resources */,
				BF44DC371D797342000B2299 /* Assets.xcassets in Resources */,
				BF44DC351D797342000B2299 /* Main.storyboard in Resources */,
			);
			runOnlyForDeploymentPostprocessing = 0;
		};
		BF44DC3E1D797342000B2299 /* Resources */ = {
			isa = PBXResourcesBuildPhase;
			buildActionMask = 2147483647;
			files = (
			);
			runOnlyForDeploymentPostprocessing = 0;
		};
		BF44DC491D797342000B2299 /* Resources */ = {
			isa = PBXResourcesBuildPhase;
			buildActionMask = 2147483647;
			files = (
			);
			runOnlyForDeploymentPostprocessing = 0;
		};
/* End PBXResourcesBuildPhase section */

/* Begin PBXSourcesBuildPhase section */
		BF44DC231D797342000B2299 /* Sources */ = {
			isa = PBXSourcesBuildPhase;
			buildActionMask = 2147483647;
			files = (
				BF44DC681D799588000B2299 /* ViewController1.m in Sources */,
				BF44DC651D7974D8000B2299 /* BeginViewController.m in Sources */,
				BF44DC6E1D7995B0000B2299 /* ViewController3.m in Sources */,
				BF44DC6B1D79959E000B2299 /* ViewController2.m in Sources */,
				BF44DC2F1D797342000B2299 /* AppDelegate.m in Sources */,
				BF44DC2C1D797342000B2299 /* main.m in Sources */,
			);
			runOnlyForDeploymentPostprocessing = 0;
		};
		BF44DC3C1D797342000B2299 /* Sources */ = {
			isa = PBXSourcesBuildPhase;
			buildActionMask = 2147483647;
			files = (
				BF44DC451D797342000B2299 /* GrayIosDemoTests.m in Sources */,
			);
			runOnlyForDeploymentPostprocessing = 0;
		};
		BF44DC471D797342000B2299 /* Sources */ = {
			isa = PBXSourcesBuildPhase;
			buildActionMask = 2147483647;
			files = (
				BF44DC501D797342000B2299 /* GrayIosDemoUITests.m in Sources */,
			);
			runOnlyForDeploymentPostprocessing = 0;
		};
/* End PBXSourcesBuildPhase section */

/* Begin PBXTargetDependency section */
		BF44DC421D797342000B2299 /* PBXTargetDependency */ = {
			isa = PBXTargetDependency;
			target = BF44DC261D797342000B2299 /* GrayIosDemo */;
			targetProxy = BF44DC411D797342000B2299 /* PBXContainerItemProxy */;
		};
		BF44DC4D1D797342000B2299 /* PBXTargetDependency */ = {
			isa = PBXTargetDependency;
			target = BF44DC261D797342000B2299 /* GrayIosDemo */;
			targetProxy = BF44DC4C1D797342000B2299 /* PBXContainerItemProxy */;
		};
/* End PBXTargetDependency section */

/* Begin PBXVariantGroup section */
		BF44DC331D797342000B2299 /* Main.storyboard */ = {
			isa = PBXVariantGroup;
			children = (
				BF44DC341D797342000B2299 /* Base */,
			);
			name = Main.storyboard;
			sourceTree = "<group>";
		};
		BF44DC381D797342000B2299 /* LaunchScreen.storyboard */ = {
			isa = PBXVariantGroup;
			children = (
				BF44DC391D797342000B2299 /* Base */,
			);
			name = LaunchScreen.storyboard;
			sourceTree = "<group>";
		};
/* End PBXVariantGroup section */

/* Begin XCBuildConfiguration section */
		BF44DC521D797342000B2299 /* Debug */ = {
			isa = XCBuildConfiguration;
			buildSettings = {
				ALWAYS_SEARCH_USER_PATHS = NO;
				CLANG_ANALYZER_NONNULL = YES;
				CLANG_CXX_LANGUAGE_STANDARD = "gnu++0x";
				CLANG_CXX_LIBRARY = "libc++";
				CLANG_ENABLE_MODULES = YES;
				CLANG_ENABLE_OBJC_ARC = YES;
				CLANG_WARN_BOOL_CONVERSION = YES;
				CLANG_WARN_CONSTANT_CONVERSION = YES;
				CLANG_WARN_DIRECT_OBJC_ISA_USAGE = YES_ERROR;
				CLANG_WARN_EMPTY_BODY = YES;
				CLANG_WARN_ENUM_CONVERSION = YES;
				CLANG_WARN_INT_CONVERSION = YES;
				CLANG_WARN_OBJC_ROOT_CLASS = YES_ERROR;
				CLANG_WARN_UNREACHABLE_CODE = YES;
				CLANG_WARN__DUPLICATE_METHOD_MATCH = YES;
				"CODE_SIGN_IDENTITY[sdk=iphoneos*]" = "iPhone Developer";
				COPY_PHASE_STRIP = NO;
				DEBUG_INFORMATION_FORMAT = dwarf;
				ENABLE_STRICT_OBJC_MSGSEND = YES;
				ENABLE_TESTABILITY = YES;
				GCC_C_LANGUAGE_STANDARD = gnu99;
				GCC_DYNAMIC_NO_PIC = NO;
				GCC_NO_COMMON_BLOCKS = YES;
				GCC_OPTIMIZATION_LEVEL = 0;
				GCC_PREPROCESSOR_DEFINITIONS = (
					"DEBUG=1",
					"$(inherited)",
				);
				GCC_WARN_64_TO_32_BIT_CONVERSION = YES;
				GCC_WARN_ABOUT_RETURN_TYPE = YES_ERROR;
				GCC_WARN_UNDECLARED_SELECTOR = YES;
				GCC_WARN_UNINITIALIZED_AUTOS = YES_AGGRESSIVE;
				GCC_WARN_UNUSED_FUNCTION = YES;
				GCC_WARN_UNUSED_VARIABLE = YES;
				IPHONEOS_DEPLOYMENT_TARGET = 9.3;
				MTL_ENABLE_DEBUG_INFO = YES;
				ONLY_ACTIVE_ARCH = YES;
				SDKROOT = iphoneos;
			};
			name = Debug;
		};
		BF44DC531D797342000B2299 /* Release */ = {
			isa = XCBuildConfiguration;
			buildSettings = {
				ALWAYS_SEARCH_USER_PATHS = NO;
				CLANG_ANALYZER_NONNULL = YES;
				CLANG_CXX_LANGUAGE_STANDARD = "gnu++0x";
				CLANG_CXX_LIBRARY = "libc++";
				CLANG_ENABLE_MODULES = YES;
				CLANG_ENABLE_OBJC_ARC = YES;
				CLANG_WARN_BOOL_CONVERSION = YES;
				CLANG_WARN_CONSTANT_CONVERSION = YES;
				CLANG_WARN_DIRECT_OBJC_ISA_USAGE = YES_ERROR;
				CLANG_WARN_EMPTY_BODY = YES;
				CLANG_WARN_ENUM_CONVERSION = YES;
				CLANG_WARN_INT_CONVERSION = YES;
				CLANG_WARN_OBJC_ROOT_CLASS = YES_ERROR;
				CLANG_WARN_UNREACHABLE_CODE = YES;
				CLANG_WARN__DUPLICATE_METHOD_MATCH = YES;
				"CODE_SIGN_IDENTITY[sdk=iphoneos*]" = "iPhone Developer";
				COPY_PHASE_STRIP = NO;
				DEBUG_INFORMATION_FORMAT = "dwarf-with-dsym";
				ENABLE_NS_ASSERTIONS = NO;
				ENABLE_STRICT_OBJC_MSGSEND = YES;
				GCC_C_LANGUAGE_STANDARD = gnu99;
				GCC_NO_COMMON_BLOCKS = YES;
				GCC_WARN_64_TO_32_BIT_CONVERSION = YES;
				GCC_WARN_ABOUT_RETURN_TYPE = YES_ERROR;
				GCC_WARN_UNDECLARED_SELECTOR = YES;
				GCC_WARN_UNINITIALIZED_AUTOS = YES_AGGRESSIVE;
				GCC_WARN_UNUSED_FUNCTION = YES;
				GCC_WARN_UNUSED_VARIABLE = YES;
				IPHONEOS_DEPLOYMENT_TARGET = 9.3;
				MTL_ENABLE_DEBUG_INFO = NO;
				SDKROOT = iphoneos;
				VALIDATE_PRODUCT = YES;
			};
			name = Release;
		};
		BF44DC551D797342000B2299 /* Debug */ = {
			isa = XCBuildConfiguration;
			buildSettings = {
				ASSETCATALOG_COMPILER_APPICON_NAME = AppIcon;
				INFOPLIST_FILE = GrayIosDemo/Info.plist;
				LD_RUNPATH_SEARCH_PATHS = "$(inherited) @executable_path/Frameworks";
				PRODUCT_BUNDLE_IDENTIFIER = com.gray.GrayIosDemo;
				PRODUCT_NAME = "$(TARGET_NAME)";
			};
			name = Debug;
		};
		BF44DC561D797342000B2299 /* Release */ = {
			isa = XCBuildConfiguration;
			buildSettings = {
				ASSETCATALOG_COMPILER_APPICON_NAME = AppIcon;
				INFOPLIST_FILE = GrayIosDemo/Info.plist;
				LD_RUNPATH_SEARCH_PATHS = "$(inherited) @executable_path/Frameworks";
				PRODUCT_BUNDLE_IDENTIFIER = com.gray.GrayIosDemo;
				PRODUCT_NAME = "$(TARGET_NAME)";
			};
			name = Release;
		};
		BF44DC581D797342000B2299 /* Debug */ = {
			isa = XCBuildConfiguration;
			buildSettings = {
				BUNDLE_LOADER = "$(TEST_HOST)";
				INFOPLIST_FILE = GrayIosDemoTests/Info.plist;
				LD_RUNPATH_SEARCH_PATHS = "$(inherited) @executable_path/Frameworks @loader_path/Frameworks";
				PRODUCT_BUNDLE_IDENTIFIER = com.gray.GrayIosDemoTests;
				PRODUCT_NAME = "$(TARGET_NAME)";
				TEST_HOST = "$(BUILT_PRODUCTS_DIR)/GrayIosDemo.app/GrayIosDemo";
			};
			name = Debug;
		};
		BF44DC591D797342000B2299 /* Release */ = {
			isa = XCBuildConfiguration;
			buildSettings = {
				BUNDLE_LOADER = "$(TEST_HOST)";
				INFOPLIST_FILE = GrayIosDemoTests/Info.plist;
				LD_RUNPATH_SEARCH_PATHS = "$(inherited) @executable_path/Frameworks @loader_path/Frameworks";
				PRODUCT_BUNDLE_IDENTIFIER = com.gray.GrayIosDemoTests;
				PRODUCT_NAME = "$(TARGET_NAME)";
				TEST_HOST = "$(BUILT_PRODUCTS_DIR)/GrayIosDemo.app/GrayIosDemo";
			};
			name = Release;
		};
		BF44DC5B1D797342000B2299 /* Debug */ = {
			isa = XCBuildConfiguration;
			buildSettings = {
				INFOPLIST_FILE = GrayIosDemoUITests/Info.plist;
				LD_RUNPATH_SEARCH_PATHS = "$(inherited) @executable_path/Frameworks @loader_path/Frameworks";
				PRODUCT_BUNDLE_IDENTIFIER = com.gray.GrayIosDemoUITests;
				PRODUCT_NAME = "$(TARGET_NAME)";
				TEST_TARGET_NAME = GrayIosDemo;
			};
			name = Debug;
		};
		BF44DC5C1D797342000B2299 /* Release */ = {
			isa = XCBuildConfiguration;
			buildSettings = {
				INFOPLIST_FILE = GrayIosDemoUITests/Info.plist;
				LD_RUNPATH_SEARCH_PATHS = "$(inherited) @executable_path/Frameworks @loader_path/Frameworks";
				PRODUCT_BUNDLE_IDENTIFIER = com.gray.GrayIosDemoUITests;
				PRODUCT_NAME = "$(TARGET_NAME)";
				TEST_TARGET_NAME = GrayIosDemo;
			};
			name = Release;
		};
/* End XCBuildConfiguration section */

/* Begin XCConfigurationList section */
		BF44DC221D797342000B2299 /* Build configuration list for PBXProject "GrayIosDemo" */ = {
			isa = XCConfigurationList;
			buildConfigurations = (
				BF44DC521D797342000B2299 /* Debug */,
				BF44DC531D797342000B2299 /* Release */,
			);
			defaultConfigurationIsVisible = 0;
			defaultConfigurationName = Release;
		};
		BF44DC541D797342000B2299 /* Build configuration list for PBXNativeTarget "GrayIosDemo" */ = {
			isa = XCConfigurationList;
			buildConfigurations = (
				BF44DC551D797342000B2299 /* Debug */,
				BF44DC561D797342000B2299 /* Release */,
			);
			defaultConfigurationIsVisible = 0;
		};
		BF44DC571D797342000B2299 /* Build configuration list for PBXNativeTarget "GrayIosDemoTests" */ = {
			isa = XCConfigurationList;
			buildConfigurations = (
				BF44DC581D797342000B2299 /* Debug */,
				BF44DC591D797342000B2299 /* Release */,
			);
			defaultConfigurationIsVisible = 0;
		};
		BF44DC5A1D797342000B2299 /* Build configuration list for PBXNativeTarget "GrayIosDemoUITests" */ = {
			isa = XCConfigurationList;
			buildConfigurations = (
				BF44DC5B1D797342000B2299 /* Debug */,
				BF44DC5C1D797342000B2299 /* Release */,
			);
			defaultConfigurationIsVisible = 0;
		};
/* End XCConfigurationList section */
	};
	rootObject = BF44DC1F1D797342000B2299 /* Project object */;
}
